
Microsoft Visual Studio Solution File, Format Version 12.00
# Visual Studio Version 17
VisualStudioVersion = 17.5.002.0
MinimumVisualStudioVersion = 10.0.40219.1
Project("{9A19103F-16F7-4668-BE54-9A1E7A4F7556}") = "Point_1", "Point_1\Point_1.csproj", "{ED20F634-50F7-4EE7-9DED-AC49A622528C}"
EndProject
Project("{9A19103F-16F7-4668-BE54-9A1E7A4F7556}") = "User_2", "User_2\User_2.csproj", "{AC772FD8-2142-4277-8A02-933BACC2FFB7}"
EndProject
Project("{FAE04EC0-301F-11D3-BF4B-00C04F79EFBC}") = "PC_3", "PC_3\PC_3.csproj", "{8671CBE1-AA6C-43F4-84AB-0DF6BB8D89E2}"
EndProject
Project("{FAE04EC0-301F-11D3-BF4B-00C04F79EFBC}") = "Laptop_4", "Laptop_4\Laptop_4.csproj", "{54E09F91-251A-42FB-9F9F-1ED7360CD383}"
EndProject
Project("{FAE04EC0-301F-11D3-BF4B-00C04F79EFBC}") = "SmartPhone_5", "SmartPhone_5\SmartPhone_5.csproj", "{AFF9190C-75F9-43C8-818C-78941D2D4E0D}"
EndProject
Project("{FAE04EC0-301F-11D3-BF4B-00C04F79EFBC}") = "Rectangle_6", "Rectangle_6\Rectangle_6.csproj", "{3872D168-5668-4CBA-810B-03A5D60EDBD8}"
EndProject
Project("{FAE04EC0-301F-11D3-BF4B-00C04F79EFBC}") = "Triangle_7", "Triangle_7\Triangle_7.csproj", "{66D9F3E9-85F9-48BF-8ED3-F9B7827A15FD}"
EndProject
Project("{FAE04EC0-301F-11D3-BF4B-00C04F79EFBC}") = "Postage_8", "Postage_8\Postage_8.csproj", "{EDF47BF9-8CC1-4576-B7E8-E3B844C3704E}"
EndProject
Project("{FAE04EC0-301F-11D3-BF4B-00C04F79EFBC}") = "Circle_9", "Circle_9\Circle_9.csproj", "{E0F1DB30-48B9-4D06-A474-6084CEB6C962}"
EndProject
Project("{FAE04EC0-301F-11D3-BF4B-00C04F79EFBC}") = "BreakLine_10", "BreakLine_10\BreakLine_10.csproj", "{C393C4AC-E666-4C72-823B-798F335AE402}"
EndProject
Global
	GlobalSection(SolutionConfigurationPlatforms) = preSolution
		Debug|Any CPU = Debug|Any CPU
		Release|Any CPU = Release|Any CPU
	EndGlobalSection
	GlobalSection(ProjectConfigurationPlatforms) = postSolution
		{ED20F634-50F7-4EE7-9DED-AC49A622528C}.Debug|Any CPU.ActiveCfg = Debug|Any CPU
		{ED20F634-50F7-4EE7-9DED-AC49A622528C}.Debug|Any CPU.Build.0 = Debug|Any CPU
		{ED20F634-50F7-4EE7-9DED-AC49A622528C}.Release|Any CPU.ActiveCfg = Release|Any CPU
		{ED20F634-50F7-4EE7-9DED-AC49A622528C}.Release|Any CPU.Build.0 = Release|Any CPU
		{AC772FD8-2142-4277-8A02-933BACC2FFB7}.Debug|Any CPU.ActiveCfg = Debug|Any CPU
		{AC772FD8-2142-4277-8A02-933BACC2FFB7}.Debug|Any CPU.Build.0 = Debug|Any CPU
		{AC772FD8-2142-4277-8A02-933BACC2FFB7}.Release|Any CPU.ActiveCfg = Release|Any CPU
		{AC772FD8-2142-4277-8A02-933BACC2FFB7}.Release|Any CPU.Build.0 = Release|Any CPU
		{C393C4AC-E666-4C72-823B-798F335AE402}.Debug|Any CPU.ActiveCfg = Debug|Any CPU
		{C393C4AC-E666-4C72-823B-798F335AE402}.Debug|Any CPU.Build.0 = Debug|Any CPU
		{C393C4AC-E666-4C72-823B-798F335AE402}.Release|Any CPU.ActiveCfg = Release|Any CPU
		{C393C4AC-E666-4C72-823B-798F335AE402}.Release|Any CPU.Build.0 = Release|Any CPU
		{8671CBE1-AA6C-43F4-84AB-0DF6BB8D89E2}.Debug|Any CPU.ActiveCfg = Debug|Any CPU
		{8671CBE1-AA6C-43F4-84AB-0DF6BB8D89E2}.Debug|Any CPU.Build.0 = Debug|Any CPU
		{8671CBE1-AA6C-43F4-84AB-0DF6BB8D89E2}.Release|Any CPU.ActiveCfg = Release|Any CPU
		{8671CBE1-AA6C-43F4-84AB-0DF6BB8D89E2}.Release|Any CPU.Build.0 = Release|Any CPU
		{54E09F91-251A-42FB-9F9F-1ED7360CD383}.Debug|Any CPU.ActiveCfg = Debug|Any CPU
		{54E09F91-251A-42FB-9F9F-1ED7360CD383}.Debug|Any CPU.Build.0 = Debug|Any CPU
		{54E09F91-251A-42FB-9F9F-1ED7360CD383}.Release|Any CPU.ActiveCfg = Release|Any CPU
		{54E09F91-251A-42FB-9F9F-1ED7360CD383}.Release|Any CPU.Build.0 = Release|Any CPU
		{AFF9190C-75F9-43C8-818C-78941D2D4E0D}.Debug|Any CPU.ActiveCfg = Debug|Any CPU
		{AFF9190C-75F9-43C8-818C-78941D2D4E0D}.Debug|Any CPU.Build.0 = Debug|Any CPU
		{AFF9190C-75F9-43C8-818C-78941D2D4E0D}.Release|Any CPU.ActiveCfg = Release|Any CPU
		{AFF9190C-75F9-43C8-818C-78941D2D4E0D}.Release|Any CPU.Build.0 = Release|Any CPU
		{3872D168-5668-4CBA-810B-03A5D60EDBD8}.Debug|Any CPU.ActiveCfg = Debug|Any CPU
		{3872D168-5668-4CBA-810B-03A5D60EDBD8}.Debug|Any CPU.Build.0 = Debug|Any CPU
		{3872D168-5668-4CBA-810B-03A5D60EDBD8}.Release|Any CPU.ActiveCfg = Release|Any CPU
		{3872D168-5668-4CBA-810B-03A5D60EDBD8}.Release|Any CPU.Build.0 = Release|Any CPU
		{66D9F3E9-85F9-48BF-8ED3-F9B7827A15FD}.Debug|Any CPU.ActiveCfg = Debug|Any CPU
		{66D9F3E9-85F9-48BF-8ED3-F9B7827A15FD}.Debug|Any CPU.Build.0 = Debug|Any CPU
		{66D9F3E9-85F9-48BF-8ED3-F9B7827A15FD}.Release|Any CPU.ActiveCfg = Release|Any CPU
		{66D9F3E9-85F9-48BF-8ED3-F9B7827A15FD}.Release|Any CPU.Build.0 = Release|Any CPU
		{EDF47BF9-8CC1-4576-B7E8-E3B844C3704E}.Debug|Any CPU.ActiveCfg = Debug|Any CPU
		{EDF47BF9-8CC1-4576-B7E8-E3B844C3704E}.Debug|Any CPU.Build.0 = Debug|Any CPU
		{EDF47BF9-8CC1-4576-B7E8-E3B844C3704E}.Release|Any CPU.ActiveCfg = Release|Any CPU
		{EDF47BF9-8CC1-4576-B7E8-E3B844C3704E}.Release|Any CPU.Build.0 = Release|Any CPU
		{E0F1DB30-48B9-4D06-A474-6084CEB6C962}.Debug|Any CPU.ActiveCfg = Debug|Any CPU
		{E0F1DB30-48B9-4D06-A474-6084CEB6C962}.Debug|Any CPU.Build.0 = Debug|Any CPU
		{E0F1DB30-48B9-4D06-A474-6084CEB6C962}.Release|Any CPU.ActiveCfg = Release|Any CPU
		{E0F1DB30-48B9-4D06-A474-6084CEB6C962}.Release|Any CPU.Build.0 = Release|Any CPU
	EndGlobalSection
	GlobalSection(SolutionProperties) = preSolution
		HideSolutionNode = FALSE
	EndGlobalSection
	GlobalSection(ExtensibilityGlobals) = postSolution
		SolutionGuid = {D9E3D4E2-CF35-4EBF-9002-B879A23C3C14}
	EndGlobalSection
EndGlobal
